version: 7
platforms:
- name: linux-64
  virtual-packages:
  - __unix=0=0
  - __linux=4.18
  - __glibc=2.28
  - __archspec=0=x86_64
environments:
  default:
    channels:
    - url: https://conda.anaconda.org/conda-forge/
    - url: https://conda.anaconda.org/bioconda/
    packages:
      linux-64:
      - conda: https://conda.anaconda.org/conda-forge/linux-64/_openmp_mutex-4.5-20_gnu.conda
      - conda: https://conda.anaconda.org/conda-forge/linux-64/bzip2-1.0.8-hda65f42_10.conda
      - conda: https://conda.anaconda.org/conda-forge/linux-64/cni-1.0.1-ha975731_1.tar.bz2
      - conda: https://conda.anaconda.org/conda-forge/linux-64/cni-plugins-1.3.0-ha8f183a_0.conda
      - conda: https://conda.anaconda.org/conda-forge/linux-64/conmon-2.2.1-h85664c0_0.conda
      - conda: https://conda.anaconda.org/conda-forge/linux-64/containers-common-0.64.2-ha770c72_0.conda
      - conda: https://conda.anaconda.org/conda-forge/linux-64/gpgme-1.24.3-h54a6638_0.conda
      - conda: https://conda.anaconda.org/conda-forge/linux-64/jq-1.8.2-h280c20c_1.conda
      - conda: https://conda.anaconda.org/conda-forge/linux-64/libassuan-3.0.2-h5888daf_0.conda
      - conda: https://conda.anaconda.org/conda-forge/linux-64/libffi-3.7.0-h3435931_0.conda
      - conda: https://conda.anaconda.org/conda-forge/linux-64/libgcc-16.1.0-ha9f2e26_3.conda
      - conda: https://conda.anaconda.org/conda-forge/linux-64/libgcc-ng-16.1.0-h69a702a_3.conda
      - conda: https://conda.anaconda.org/conda-forge/linux-64/libglib-2.88.3-h45c3219_1.conda
      - conda: https://conda.anaconda.org/conda-forge/linux-64/libgomp-16.1.0-he0feb66_3.conda
      - conda: https://conda.anaconda.org/conda-forge/linux-64/libgpg-error-1.61-h54a6638_2.conda
      - conda: https://conda.anaconda.org/conda-forge/linux-64/libiconv-1.18-h0cb94f2_3.conda
      - conda: https://conda.anaconda.org/conda-forge/linux-64/libseccomp-2.6.1-hb03c661_0.conda
      - conda: https://conda.anaconda.org/conda-forge/linux-64/libslirp-4.4.0-he9734e3_2.conda
      - conda: https://conda.anaconda.org/conda-forge/linux-64/libstdcxx-16.1.0-h934c35e_3.conda
      - conda: https://conda.anaconda.org/conda-forge/linux-64/libzlib-1.3.2-h25fd6f3_3.conda
      - conda: https://conda.anaconda.org/conda-forge/linux-64/netavark-2.1.0-h56ee3b3_0.conda
      - conda: https://conda.anaconda.org/conda-forge/linux-64/oniguruma-6.9.10-h280c20c_1.conda
      - conda: https://conda.anaconda.org/conda-forge/linux-64/pcre2-10.47-h8b3dc9c_1.conda
      - conda: https://conda.anaconda.org/conda-forge/linux-64/podman-5.8.3-h3ae7d23_1.conda
      - conda: https://conda.anaconda.org/conda-forge/linux-64/runc-1.4.3-h6950dcc_0.conda
      - conda: https://conda.anaconda.org/conda-forge/linux-64/slirp4netns-1.1.8-h329b89f_0.tar.bz2
      - conda: https://conda.anaconda.org/conda-forge/linux-64/zstd-1.5.7-hb78ec9c_7.conda
packages:
- conda: https://conda.anaconda.org/conda-forge/linux-64/_openmp_mutex-4.5-20_gnu.conda
  build_number: 20
  sha256: 1dd3fffd892081df9726d7eb7e0dea6198962ba775bd88842135a4ddb4deb3c9
  md5: a9f577daf3de00bca7c3c76c0ecbd1de
  depends:
  - __glibc >=2.17,<3.0.a0
  - libgomp >=7.5.0
  constrains:
  - openmp_impl <0.0a0
  license: BSD-3-Clause
  license_family: BSD
  run_exports:
    strong:
    - _openmp_mutex >=4.5
  size: 28948
  timestamp: 1770939786096
- conda: https://conda.anaconda.org/conda-forge/linux-64/bzip2-1.0.8-hda65f42_10.conda
  sha256: 1a0d382c515ebf55f8ee1f38c8b81bc95af5c2acc42ad53b66bc5df932032f96
  md5: e675fabcf81499adc7edf58124fb1e01
  depends:
  - __glibc >=2.17,<3.0.a0
  - libgcc >=14
  license: bzip2-1.0.6
  license_family: BSD
  run_exports:
    weak:
    - bzip2 >=1.0.8,<2.0a0
  size: 257808
  timestamp: 1785906269155
- conda: https://conda.anaconda.org/conda-forge/linux-64/cni-1.0.1-ha975731_1.tar.bz2
  sha256: 4d83a78ca08a6e40f48bc2d93cc8646959e175bd21b97dc055e44558605a3984
  md5: 58f92707fb5595c8cd90d278f602011c
  depends:
  - jq
  - libgcc-ng >=9.4.0
  license: Apache-2.0
  license_family: Apache
  run_exports: {}
  size: 1768993
  timestamp: 1643043326782
- conda: https://conda.anaconda.org/conda-forge/linux-64/cni-plugins-1.3.0-ha8f183a_0.conda
  sha256: 0bc7985c802700112d0e6de90bebf300518a7bf68d2767b5654ce7f90bc98245
  md5: 7b19dcc220b79ec9249ecf2f4e671986
  depends:
  - cni 1.0.1.*
  license: Apache-2.0
  license_family: Apache
  run_exports: {}
  size: 30645988
  timestamp: 1689423051718
- conda: https://conda.anaconda.org/conda-forge/linux-64/conmon-2.2.1-h85664c0_0.conda
  sha256: 9115c1c1a2aafd5f95db406809e7ff741deb4d54dd52c3ff8ca1340ec1c783db
  md5: 06d071342d9b180fda146b3be8c6dbb8
  depends:
  - __glibc >=2.17,<3.0.a0
  - libgcc >=14
  - libglib >=2.86.3,<3.0a0
  license: Apache-2.0
  license_family: APACHE
  run_exports: {}
  size: 50580
  timestamp: 1770970283408
- conda: https://conda.anaconda.org/conda-forge/linux-64/containers-common-0.64.2-ha770c72_0.conda
  sha256: f6f9ae5d200af38c5311a5e45d53b7561ca1ce6f98245ca4d57f56c75a697050
  md5: 2976fbed6fa218cfff9d9f8eb0bab4ef
  license: Apache-2.0
  license_family: APACHE
  run_exports: {}
  size: 25987
  timestamp: 1758616331491
- conda: https://conda.anaconda.org/conda-forge/linux-64/gpgme-1.24.3-h54a6638_0.conda
  sha256: 81bb1ffa9be10fa74b66ff6899ae6753f0e509e229477bb7db675b6685352308
  md5: 43c7c0bc72b17ae68f023e194ae7ca04
  depends:
  - libgpg-error >=1.36
  - libassuan >=2.4.2
  - libgcc >=14
  - __glibc >=2.17,<3.0.a0
  - libstdcxx >=14
  - libassuan >=3.0.2,<4.0a0
  - libgpg-error >=1.61,<2.0a0
  license: GPL-2.0-or-later AND LGPL-2.1-or-later AND MIT
  run_exports:
    weak:
    - gpgme >=1.24.3,<1.25.0a0
  size: 548694
  timestamp: 1782751250688
- conda: https://conda.anaconda.org/conda-forge/linux-64/jq-1.8.2-h280c20c_1.conda
  sha256: f14c52155ba14ccb41fdd6f71d74b21153c35e131185434da7334cf25b3eef46
  md5: 6ec056e539486e84f0c7acef6b5863f9
  depends:
  - oniguruma 6.9.*
  - libgcc >=14
  - __glibc >=2.17,<3.0.a0
  - oniguruma >=6.9.10,<6.10.0a0
  license: MIT
  license_family: MIT
  run_exports: {}
  size: 317374
  timestamp: 1786434969272
- conda: https://conda.anaconda.org/conda-forge/linux-64/libassuan-3.0.2-h5888daf_0.conda
  sha256: a89ee880e951cc9399606545cb9e6377c8f260fa40942b8486d82d64d3d34491
  md5: 9c59292dc09c6078164ac9262c98d322
  depends:
  - __glibc >=2.17,<3.0.a0
  - libgcc >=13
  - libgpg-error >=1.51,<2.0a0
  - libstdcxx >=13
  license: LGPL-2.1-or-later
  license_family: GPL
  run_exports:
    weak:
    - libassuan >=3.0.2,<4.0a0
  size: 93259
  timestamp: 1739891311310
- conda: https://conda.anaconda.org/conda-forge/linux-64/libffi-3.7.0-h3435931_0.conda
  sha256: ac38603008bf1e99b8ed379b1a656a67a70e2841f2b6a069c630cdf6316012d2
  md5: 0abe40a9880086ca4d2e5daf09dceff9
  depends:
  - __glibc >=2.17,<3.0.a0
  - libgcc >=14
  license: MIT
  license_family: MIT
  run_exports:
    weak:
    - libffi >=3.7.0,<3.8.0a0
  size: 67576
  timestamp: 1783520858222
- conda: https://conda.anaconda.org/conda-forge/linux-64/libgcc-16.1.0-ha9f2e26_3.conda
  sha256: af35751596409fc1a1a81a32b7f1e195bca7f648dfe7c64f8ec4848b3a5003f8
  md5: c471b242d299f8bc1e2b3e0f6e9f4b77
  depends:
  - __glibc >=2.17,<3.0.a0
  - _openmp_mutex >=4.5
  constrains:
  - libgcc-ng ==16.1.0=*_3
  - libgomp 16.1.0 he0feb66_3
  license: GPL-3.0-only WITH GCC-exception-3.1
  license_family: GPL
  run_exports: {}
  size: 1058775
  timestamp: 1787329503824
- conda: https://conda.anaconda.org/conda-forge/linux-64/libgcc-ng-16.1.0-h69a702a_3.conda
  sha256: d3368af8b654073a0937fc7d3add75dbd09aae0b6e225596685756885b171309
  md5: 824e26366da140518fdc55816eaef929
  depends:
  - libgcc 16.1.0 ha9f2e26_3
  license: GPL-3.0-only WITH GCC-exception-3.1
  license_family: GPL
  run_exports:
    strong:
    - libgcc
  size: 28291
  timestamp: 1787329509642
- conda: https://conda.anaconda.org/conda-forge/linux-64/libglib-2.88.3-h45c3219_1.conda
  sha256: 4499458124bcf0bd45e8bd17576f9f007cb1373cb3b01659105443f522bab45c
  md5: 533cb021c1bfeba9f720e669cd863fdf
  depends:
  - libgcc >=14
  - __glibc >=2.17,<3.0.a0
  - pcre2 >=10.47,<10.48.0a0
  - libzlib >=1.3.2,<2.0a0
  - libiconv >=1.18,<2.0a0
  - libffi >=3.7.0,<3.8.0a0
  constrains:
  - glib >2.66
  license: LGPL-2.1-or-later
  run_exports:
    weak:
    - libglib >=2.88.3,<3.0a0
  size: 4755172
  timestamp: 1786457663614
- conda: https://conda.anaconda.org/conda-forge/linux-64/libgomp-16.1.0-he0feb66_3.conda
  sha256: 5998d3e2ef3ffcae6cd794c87f12acdd7220e69f7685a8ccef3cd2c5f6252831
  md5: 593dc8ed1ed687d4ffff6b8d2fce9d9f
  depends:
  - __glibc >=2.17,<3.0.a0
  license: GPL-3.0-only WITH GCC-exception-3.1
  license_family: GPL
  run_exports:
    strong:
    - _openmp_mutex >=4.5
  size: 641537
  timestamp: 1787329444295
- conda: https://conda.anaconda.org/conda-forge/linux-64/libgpg-error-1.61-h54a6638_2.conda
  sha256: b69606451dfce168990dd40324e52daf981472511788d412ce78664760d3889f
  md5: d42eda95b8dfc91f3cc48d950efec715
  depends:
  - libstdcxx >=14
  - libgcc >=14
  - __glibc >=2.17,<3.0.a0
  license: LGPL-2.1-only
  run_exports:
    weak:
    - libgpg-error >=1.61,<2.0a0
  size: 318204
  timestamp: 1786544869003
- conda: https://conda.anaconda.org/conda-forge/linux-64/libiconv-1.18-h0cb94f2_3.conda
  sha256: f943117edb9cd4d9c61cc972eee5a34291dc55ea7a6e9e38da104995841cbcb6
  md5: f92233bf33e24a25668bb2119e2c51f9
  depends:
  - __glibc >=2.17,<3.0.a0
  - libgcc >=15
  license: LGPL-2.1-only
  run_exports:
    weak:
    - libiconv >=1.18,<2.0a0
  size: 789471
  timestamp: 1787033836207
- conda: https://conda.anaconda.org/conda-forge/linux-64/libseccomp-2.6.1-hb03c661_0.conda
  sha256: 6548f947c45cdf52dc8b18d7f728b43993ed27ba60e5ac5699ec5334e0b51696
  md5: bacd6abed7f5b580188985bfb5b42ba5
  depends:
  - __glibc >=2.17,<3.0.a0
  - libgcc >=14
  license: LGPL-2.1-only
  run_exports:
    weak:
    - libseccomp >=2.6.1,<3.0a0
  size: 95736
  timestamp: 1782954425654
- conda: https://conda.anaconda.org/conda-forge/linux-64/libslirp-4.4.0-he9734e3_2.conda
  sha256: c61cc7e0625c0d6a4e023d3e001e2f215b9426d3446615266b946f400e0d90a9
  md5: f5868fc3128c6104a307d3cbece462dd
  depends:
  - __glibc >=2.17,<3.0.a0
  - libgcc >=14
  - libglib >=2.86.2,<3.0a0
  license: BSD-3-Clause
  license_family: BSD
  run_exports:
    weak:
    - libslirp >=4.4.0,<4.5.0a0
  size: 70926
  timestamp: 1765072285262
- conda: https://conda.anaconda.org/conda-forge/linux-64/libstdcxx-16.1.0-h934c35e_3.conda
  sha256: 6e98c0283244b5f8bbc0e86f7cba4d4921136bfbabf8da42b898a7a1f10be949
  md5: 470d16b28d90ad4368df1aa5bc7ec18d
  depends:
  - __glibc >=2.17,<3.0.a0
  - libgcc 16.1.0 ha9f2e26_3
  constrains:
  - libstdcxx-ng ==16.1.0=*_3
  license: GPL-3.0-only WITH GCC-exception-3.1
  license_family: GPL
  run_exports: {}
  size: 6626421
  timestamp: 1787329526353
- conda: https://conda.anaconda.org/conda-forge/linux-64/libzlib-1.3.2-h25fd6f3_3.conda
  sha256: eb8a0db0aa570124f7d2a93d7c7f596e3390df5e047818d873baad32985fc736
  md5: 0de0122d9570a8ab637c6b73db268389
  depends:
  - __glibc >=2.17,<3.0.a0
  constrains:
  - zlib 1.3.2 *_3
  license: Zlib
  license_family: Other
  run_exports:
    weak:
    - libzlib >=1.3.2,<2.0a0
  size: 63713
  timestamp: 1785362952714
- conda: https://conda.anaconda.org/conda-forge/linux-64/netavark-2.1.0-h56ee3b3_0.conda
  sha256: 2691e7ac6189957a9e84ed1b2eaad2d0abfba5dfa3cfa178c8a6fd6a2ec7b0e4
  md5: e2ac0152db222d78b87eefa404043221
  depends:
  - __glibc >=2.17,<3.0.a0
  - libgcc >=14
  constrains:
  - __glibc >=2.17
  license: Apache-2.0
  license_family: Apache
  run_exports: {}
  size: 4551352
  timestamp: 1786196123108
- conda: https://conda.anaconda.org/conda-forge/linux-64/oniguruma-6.9.10-h280c20c_1.conda
  sha256: 22ba0c20d810f4e27092931191a08331b3bff1b7feeead5de7d8514cfd9230ad
  md5: 16c8e401c682f9961676c201c888b1d9
  depends:
  - __glibc >=2.17,<3.0.a0
  - libgcc >=14
  license: BSD-2-Clause
  license_family: BSD
  run_exports:
    weak:
    - oniguruma >=6.9.10,<6.10.0a0
  size: 279675
  timestamp: 1786354257558
- conda: https://conda.anaconda.org/conda-forge/linux-64/pcre2-10.47-h8b3dc9c_1.conda
  sha256: 9ebb10a4eb3be51ae67d85c679f5a7a50cb040ed25c783e6331a225ea09991d4
  md5: 06f6113cf1ff4a54b65f87ead132a5f1
  depends:
  - __glibc >=2.17,<3.0.a0
  - bzip2 >=1.0.8,<2.0a0
  - libgcc >=15
  - libzlib >=1.3.2,<2.0a0
  license: BSD-3-Clause
  license_family: BSD
  run_exports:
    weak:
    - pcre2 >=10.47,<10.48.0a0
  size: 1218833
  timestamp: 1787294571916
- conda: https://conda.anaconda.org/conda-forge/linux-64/podman-5.8.3-h3ae7d23_1.conda
  sha256: 8d4e2a3f6eb45bf7729218f6c814ff40283d87881b2f400f4d7961aa81bd5f13
  md5: ef4886b34d0e1ea124ae8652b7d8858a
  depends:
  - __glibc >=2.17
  - __glibc >=2.28,<3.0.a0
  - cni-plugins
  - conmon >=2.0.30
  - containers-common
  - gpgme >=1.24.3,<1.25.0a0
  - libassuan >=3.0.2,<4.0a0
  - libgcc >=14
  - libglib >=2.88.2,<3.0a0
  - libgpg-error >=1.61,<2.0a0
  - libseccomp >=2.6.1,<3.0a0
  - netavark
  - runc
  - slirp4netns
  license: Apache-2.0
  license_family: Apache
  run_exports: {}
  size: 52298304
  timestamp: 1783288314860
- conda: https://conda.anaconda.org/conda-forge/linux-64/runc-1.4.3-h6950dcc_0.conda
  sha256: e8e06523febd16fba331a90031a21007b1340037f36e8225889c36ef799721ff
  md5: 61bf66c672af2801856e8133a8b83802
  depends:
  - __glibc >=2.17
  - __glibc >=2.17,<3.0.a0
  - libgcc >=14
  - libseccomp >=2.6.0,<3.0a0
  license: Apache-2.0
  license_family: APACHE
  run_exports: {}
  size: 6897529
  timestamp: 1781386516149
- conda: https://conda.anaconda.org/conda-forge/linux-64/slirp4netns-1.1.8-h329b89f_0.tar.bz2
  sha256: b4280cef91b1bd530b42e02428b13914dbd393ab680e5e70afaf66b296ea792e
  md5: 6a56674fcb47dddfba0083260067d3f7
  depends:
  - libgcc-ng >=12
  - libglib >=2.74.1,<3.0a0
  - libseccomp >=2.4.4,<3.0a0
  - libslirp >=4.4.0,<4.5.0a0
  license: GPL-2.0-or-later AND MIT
  license_family: GPL
  run_exports: {}
  size: 40788
  timestamp: 1667479257195
- conda: https://conda.anaconda.org/conda-forge/linux-64/zstd-1.5.7-hb78ec9c_7.conda
  sha256: 47d682b9f6d6ec9eb1a6e6c3e75ea6273e899e78fb7fc59f81d39745009fbc60
  md5: aa459086047c0e5e27023ab19f8cb86a
  depends:
  - __glibc >=2.17,<3.0.a0
  - libzlib >=1.3.2,<2.0a0
  license: BSD-3-Clause
  license_family: BSD
  run_exports:
    weak:
    - zstd >=1.5.7,<1.6.0a0
  size: 601301
  timestamp: 1786599621503
